// !$*UTF8*$!
{
	archiveVersion = 1;
	classes = {
	};
	objectVersion = 63;
	objects = {

/* Begin PBXBuildFile section */
		1F0E2E4E7B752F9DF8BD63BA /* ViewScreenshotTests.swift in Sources */ = {isa = PBXBuildFile; fileRef = FD5F4B5312E30AE8752EC3AD /* ViewScreenshotTests.swift */; };
		20A6C4A4EF0E2EA04CC82CE0 /* AppCoordinator.swift in Sources */ = {isa = PBXBuildFile; fileRef = 9B19AF6DD7A4B31661D6BEA9 /* AppCoordinator.swift */; };
		23904C1F69777763B698B7A7 /* AppSettings in Frameworks */ = {isa = PBXBuildFile; productRef = 1BFDCCE1DA30B83CCD323AFA /* AppSettings */; };
		2510550944C84AB6FD3FA538 /* Core in Frameworks */ = {isa = PBXBuildFile; productRef = 6D324B07EA3BF79F03E20042 /* Core */; };
		300A0DF86743646A925A2F87 /* Receipts in Frameworks */ = {isa = PBXBuildFile; productRef = 4DAE3E8FC6151A00266EE46D /* Receipts */; };
		3C715FDB1CC41FEAB5C2810F /* BarcodeScanner in Frameworks */ = {isa = PBXBuildFile; productRef = E20F9C66CD8A1E76D5DA4ACF /* BarcodeScanner */; };
		41C9D2044C2317715D80F8E4 /* iPadDragDrop.swift in Sources */ = {isa = PBXBuildFile; fileRef = 64C55026838DBE9D3BEB425A /* iPadDragDrop.swift */; };
		4E63BE4249C407C6AF4CAF0E /* Premium in Frameworks */ = {isa = PBXBuildFile; productRef = EC690A20521570D346B1DF95 /* Premium */; };
		69FC7331598F2E7FA98B3E26 /* Onboarding in Frameworks */ = {isa = PBXBuildFile; productRef = 1B5D7269FC9C97F1936D0193 /* Onboarding */; };
		8EB76248EC9A1857A2219A25 /* iPadColumnView.swift in Sources */ = {isa = PBXBuildFile; fileRef = 27DF185E835D6523D6D07BD3 /* iPadColumnView.swift */; };
		9506FEA0E51000A89D505F1C /* SnapshotHelper.swift in Sources */ = {isa = PBXBuildFile; fileRef = 6FA9E85F9D0016AF30814111 /* SnapshotHelper.swift */; };
		9551587D0423723462A2C745 /* Sync in Frameworks */ = {isa = PBXBuildFile; productRef = FFDB5BBF0F128AC119F36F3A /* Sync */; };
		976C1724B866429FE43744CA /* iPadContextMenus.swift in Sources */ = {isa = PBXBuildFile; fileRef = 2CE4BF045FF5D80EF3DC10AB /* iPadContextMenus.swift */; };
		9D27D58DFC7C878E4B18584A /* HomeInventoryModularApp.swift in Sources */ = {isa = PBXBuildFile; fileRef = 926E4CA42BFEA653635F2364 /* HomeInventoryModularApp.swift */; };
		ACF691C75D3CE2A0368D350E /* Assets.xcassets in Resources */ = {isa = PBXBuildFile; fileRef = 362A5252C4DF6A3EB2576072 /* Assets.xcassets */; };
		BB0DD5FF03285CB7996948EB /* ContentView.swift in Sources */ = {isa = PBXBuildFile; fileRef = 1EF2F55CB9E0C0D2E0A2AC96 /* ContentView.swift */; };
		C4F37384ED723E64ACAAF5C5 /* HomeInventoryModularUITests.swift in Sources */ = {isa = PBXBuildFile; fileRef = 851ADC8B8F9E673AC19166A0 /* HomeInventoryModularUITests.swift */; };
		C7DD91E0909A3C1BE9A4D4CC /* Foundation.framework in Frameworks */ = {isa = PBXBuildFile; fileRef = 396CAAC6809A436DB7CA166F /* Foundation.framework */; };
		D11C17DFC3910E7BFCA63187 /* ScreenshotDebug.swift in Sources */ = {isa = PBXBuildFile; fileRef = 05127C77BA29A74CDD30F8E6 /* ScreenshotDebug.swift */; };
		DDAE61C8217EA5D290B623B6 /* iPadApp.swift in Sources */ = {isa = PBXBuildFile; fileRef = 77EED492389F7B8DF125B072 /* iPadApp.swift */; };
		F110E061FDBC925483D96631 /* SharedUI in Frameworks */ = {isa = PBXBuildFile; productRef = 1E4ABB9448702E1172AD1D5B /* SharedUI */; };
		F6DA7A52D063BEB679B070FA /* iPadKeyboardShortcuts.swift in Sources */ = {isa = PBXBuildFile; fileRef = CF02F009DB186920EDAECF34 /* iPadKeyboardShortcuts.swift */; };
		FA3C772C8BC354A93E204D0C /* AppDelegate.swift in Sources */ = {isa = PBXBuildFile; fileRef = B7CCD81CB60BE20EC61ED398 /* AppDelegate.swift */; };
		FB4AC041DEECF4A36CA1A46A /* iPadSidebarView.swift in Sources */ = {isa = PBXBuildFile; fileRef = BB6FDB51AC121A07EA6CB8B6 /* iPadSidebarView.swift */; };
		FD938184E545CCEB3567B64E /* Items in Frameworks */ = {isa = PBXBuildFile; productRef = 11065E0B954F8B47091C5898 /* Items */; };
/* End PBXBuildFile section */

/* Begin PBXContainerItemProxy section */
		7938D76D52DEEC3B9A594AD9 /* PBXContainerItemProxy */ = {
			isa = PBXContainerItemProxy;
			containerPortal = A46F097C607FDC1013416BFE /* Project object */;
			proxyType = 1;
			remoteGlobalIDString = CC231B3F1FF959B2B1DA4A4E;
			remoteInfo = HomeInventoryModular;
		};
		F6DE47C782906BE91B46C1E8 /* PBXContainerItemProxy */ = {
			isa = PBXContainerItemProxy;
			containerPortal = A46F097C607FDC1013416BFE /* Project object */;
			proxyType = 1;
			remoteGlobalIDString = CC231B3F1FF959B2B1DA4A4E;
			remoteInfo = HomeInventoryModular;
		};
/* End PBXContainerItemProxy section */

/* Begin PBXFileReference section */
		0356A52527E14766531C3817 /* Premium */ = {isa = PBXFileReference; lastKnownFileType = folder; name = Premium; path = Modules/Premium; sourceTree = SOURCE_ROOT; };
		05127C77BA29A74CDD30F8E6 /* ScreenshotDebug.swift */ = {isa = PBXFileReference; lastKnownFileType = sourcecode.swift; path = ScreenshotDebug.swift; sourceTree = "<group>"; };
		1EF2F55CB9E0C0D2E0A2AC96 /* ContentView.swift */ = {isa = PBXFileReference; lastKnownFileType = sourcecode.swift; path = ContentView.swift; sourceTree = "<group>"; };
		27DF185E835D6523D6D07BD3 /* iPadColumnView.swift */ = {isa = PBXFileReference; lastKnownFileType = sourcecode.swift; path = iPadColumnView.swift; sourceTree = "<group>"; };
		2CE4BF045FF5D80EF3DC10AB /* iPadContextMenus.swift */ = {isa = PBXFileReference; lastKnownFileType = sourcecode.swift; path = iPadContextMenus.swift; sourceTree = "<group>"; };
		362A5252C4DF6A3EB2576072 /* Assets.xcassets */ = {isa = PBXFileReference; lastKnownFileType = folder.assetcatalog; path = Assets.xcassets; sourceTree = "<group>"; };
		396CAAC6809A436DB7CA166F /* Foundation.framework */ = {isa = PBXFileReference; lastKnownFileType = wrapper.framework; name = Foundation.framework; path = Platforms/iPhoneOS.platform/Developer/SDKs/iPhoneOS18.0.sdk/System/Library/Frameworks/Foundation.framework; sourceTree = DEVELOPER_DIR; };
		3A1CEB3468DA9FAF5C65DC34 /* AppSettings */ = {isa = PBXFileReference; lastKnownFileType = folder; name = AppSettings; path = Modules/AppSettings; sourceTree = SOURCE_ROOT; };
		3AE0C7854F2B950F4BCC3A9C /* SharedUI */ = {isa = PBXFileReference; lastKnownFileType = folder; name = SharedUI; path = Modules/SharedUI; sourceTree = SOURCE_ROOT; };
		3F46D3FE17D78B8D9DF66A01 /* HomeInventoryModularUITests.xctest */ = {isa = PBXFileReference; explicitFileType = wrapper.cfbundle; includeInIndex = 0; path = HomeInventoryModularUITests.xctest; sourceTree = BUILT_PRODUCTS_DIR; };
		45BEF81177E158AC63FCA13F /* HomeInventoryModular.app */ = {isa = PBXFileReference; explicitFileType = wrapper.application; includeInIndex = 0; path = HomeInventoryModular.app; sourceTree = BUILT_PRODUCTS_DIR; };
		64C55026838DBE9D3BEB425A /* iPadDragDrop.swift */ = {isa = PBXFileReference; lastKnownFileType = sourcecode.swift; path = iPadDragDrop.swift; sourceTree = "<group>"; };
		6FA9E85F9D0016AF30814111 /* SnapshotHelper.swift */ = {isa = PBXFileReference; lastKnownFileType = sourcecode.swift; path = SnapshotHelper.swift; sourceTree = "<group>"; };
		73E0D1EAA4C9CDEBD48AD8AF /* Core */ = {isa = PBXFileReference; lastKnownFileType = folder; name = Core; path = Modules/Core; sourceTree = SOURCE_ROOT; };
		77EED492389F7B8DF125B072 /* iPadApp.swift */ = {isa = PBXFileReference; lastKnownFileType = sourcecode.swift; path = iPadApp.swift; sourceTree = "<group>"; };
		7E5AAB84E88E9A6638891341 /* BarcodeScanner */ = {isa = PBXFileReference; lastKnownFileType = folder; name = BarcodeScanner; path = Modules/BarcodeScanner; sourceTree = SOURCE_ROOT; };
		851ADC8B8F9E673AC19166A0 /* HomeInventoryModularUITests.swift */ = {isa = PBXFileReference; lastKnownFileType = sourcecode.swift; path = HomeInventoryModularUITests.swift; sourceTree = "<group>"; };
		91D08070EA57AC1909DB4D64 /* Sync */ = {isa = PBXFileReference; lastKnownFileType = folder; name = Sync; path = Modules/Sync; sourceTree = SOURCE_ROOT; };
		926E4CA42BFEA653635F2364 /* HomeInventoryModularApp.swift */ = {isa = PBXFileReference; lastKnownFileType = sourcecode.swift; path = HomeInventoryModularApp.swift; sourceTree = "<group>"; };
		9B19AF6DD7A4B31661D6BEA9 /* AppCoordinator.swift */ = {isa = PBXFileReference; lastKnownFileType = sourcecode.swift; path = AppCoordinator.swift; sourceTree = "<group>"; };
		B4AB90697101976F63CC3B1B /* Onboarding */ = {isa = PBXFileReference; lastKnownFileType = folder; name = Onboarding; path = Modules/Onboarding; sourceTree = SOURCE_ROOT; };
		B7CCD81CB60BE20EC61ED398 /* AppDelegate.swift */ = {isa = PBXFileReference; lastKnownFileType = sourcecode.swift; path = AppDelegate.swift; sourceTree = "<group>"; };
		BB6FDB51AC121A07EA6CB8B6 /* iPadSidebarView.swift */ = {isa = PBXFileReference; lastKnownFileType = sourcecode.swift; path = iPadSidebarView.swift; sourceTree = "<group>"; };
		BC2DF36FD3B9183FE991865A /* Receipts */ = {isa = PBXFileReference; lastKnownFileType = folder; name = Receipts; path = Modules/Receipts; sourceTree = SOURCE_ROOT; };
		CF02F009DB186920EDAECF34 /* iPadKeyboardShortcuts.swift */ = {isa = PBXFileReference; lastKnownFileType = sourcecode.swift; path = iPadKeyboardShortcuts.swift; sourceTree = "<group>"; };
		EB3422AE91CF05250E0D6950 /* HomeInventoryModularTests.xctest */ = {isa = PBXFileReference; explicitFileType = wrapper.cfbundle; includeInIndex = 0; path = HomeInventoryModularTests.xctest; sourceTree = BUILT_PRODUCTS_DIR; };
		F1AE5605C98FF2E462CC4F56 /* Items */ = {isa = PBXFileReference; lastKnownFileType = folder; name = Items; path = Modules/Items; sourceTree = SOURCE_ROOT; };
		FD5F4B5312E30AE8752EC3AD /* ViewScreenshotTests.swift */ = {isa = PBXFileReference; includeInIndex = 1; lastKnownFileType = sourcecode.swift; name = ViewScreenshotTests.swift; path = ViewScreenshotTests.swift; sourceTree = "<group>"; };
/* End PBXFileReference section */

/* Begin PBXFrameworksBuildPhase section */
		351BF24DE864B2FB2FA7AE39 /* Frameworks */ = {
			isa = PBXFrameworksBuildPhase;
			buildActionMask = 2147483647;
			files = (
				2510550944C84AB6FD3FA538 /* Core in Frameworks */,
				F110E061FDBC925483D96631 /* SharedUI in Frameworks */,
				FD938184E545CCEB3567B64E /* Items in Frameworks */,
				3C715FDB1CC41FEAB5C2810F /* BarcodeScanner in Frameworks */,
				23904C1F69777763B698B7A7 /* AppSettings in Frameworks */,
				300A0DF86743646A925A2F87 /* Receipts in Frameworks */,
				9551587D0423723462A2C745 /* Sync in Frameworks */,
				4E63BE4249C407C6AF4CAF0E /* Premium in Frameworks */,
				69FC7331598F2E7FA98B3E26 /* Onboarding in Frameworks */,
			);
			runOnlyForDeploymentPostprocessing = 0;
		};
		7372D50981EEC8BAD641ECD6 /* Frameworks */ = {
			isa = PBXFrameworksBuildPhase;
			buildActionMask = 2147483647;
			files = (
				C7DD91E0909A3C1BE9A4D4CC /* Foundation.framework in Frameworks */,
			);
			runOnlyForDeploymentPostprocessing = 0;
		};
/* End PBXFrameworksBuildPhase section */

/* Begin PBXGroup section */
		37618AEB9D78A51A98D78E99 /* Frameworks */ = {
			isa = PBXGroup;
			children = (
				42EC44A4F0BE1A5A3E672E02 /* iOS */,
			);
			name = Frameworks;
			sourceTree = "<group>";
		};
		42EC44A4F0BE1A5A3E672E02 /* iOS */ = {
			isa = PBXGroup;
			children = (
				396CAAC6809A436DB7CA166F /* Foundation.framework */,
			);
			name = iOS;
			sourceTree = "<group>";
		};
		4D256B14F10E6B1FDB76EE04 = {
			isa = PBXGroup;
			children = (
				9B19AF6DD7A4B31661D6BEA9 /* AppCoordinator.swift */,
				B7CCD81CB60BE20EC61ED398 /* AppDelegate.swift */,
				362A5252C4DF6A3EB2576072 /* Assets.xcassets */,
				1EF2F55CB9E0C0D2E0A2AC96 /* ContentView.swift */,
				926E4CA42BFEA653635F2364 /* HomeInventoryModularApp.swift */,
				77EED492389F7B8DF125B072 /* iPadApp.swift */,
				27DF185E835D6523D6D07BD3 /* iPadColumnView.swift */,
				2CE4BF045FF5D80EF3DC10AB /* iPadContextMenus.swift */,
				64C55026838DBE9D3BEB425A /* iPadDragDrop.swift */,
				CF02F009DB186920EDAECF34 /* iPadKeyboardShortcuts.swift */,
				BB6FDB51AC121A07EA6CB8B6 /* iPadSidebarView.swift */,
				B9D33E0982FFC2A3A08ADEBC /* HomeInventoryModularUITests */,
				656A14CE8B6FFD57E9E48DA2 /* Packages */,
				E61D147BB59AF782EA912E0C /* Products */,
				37618AEB9D78A51A98D78E99 /* Frameworks */,
				5294E1899ECCCE8174D8126F /* HomeInventoryModularTests */,
			);
			sourceTree = "<group>";
		};
		5294E1899ECCCE8174D8126F /* HomeInventoryModularTests */ = {
			isa = PBXGroup;
			children = (
				FD5F4B5312E30AE8752EC3AD /* ViewScreenshotTests.swift */,
			);
			name = HomeInventoryModularTests;
			path = HomeInventoryModularTests;
			sourceTree = SOURCE_ROOT;
		};
		656A14CE8B6FFD57E9E48DA2 /* Packages */ = {
			isa = PBXGroup;
			children = (
				3A1CEB3468DA9FAF5C65DC34 /* AppSettings */,
				7E5AAB84E88E9A6638891341 /* BarcodeScanner */,
				73E0D1EAA4C9CDEBD48AD8AF /* Core */,
				F1AE5605C98FF2E462CC4F56 /* Items */,
				B4AB90697101976F63CC3B1B /* Onboarding */,
				0356A52527E14766531C3817 /* Premium */,
				BC2DF36FD3B9183FE991865A /* Receipts */,
				3AE0C7854F2B950F4BCC3A9C /* SharedUI */,
				91D08070EA57AC1909DB4D64 /* Sync */,
			);
			name = Packages;
			sourceTree = "<group>";
		};
		B9D33E0982FFC2A3A08ADEBC /* HomeInventoryModularUITests */ = {
			isa = PBXGroup;
			children = (
				851ADC8B8F9E673AC19166A0 /* HomeInventoryModularUITests.swift */,
				05127C77BA29A74CDD30F8E6 /* ScreenshotDebug.swift */,
				6FA9E85F9D0016AF30814111 /* SnapshotHelper.swift */,
			);
			path = HomeInventoryModularUITests;
			sourceTree = "<group>";
		};
		E61D147BB59AF782EA912E0C /* Products */ = {
			isa = PBXGroup;
			children = (
				45BEF81177E158AC63FCA13F /* HomeInventoryModular.app */,
				3F46D3FE17D78B8D9DF66A01 /* HomeInventoryModularUITests.xctest */,
				EB3422AE91CF05250E0D6950 /* HomeInventoryModularTests.xctest */,
			);
			name = Products;
			sourceTree = "<group>";
		};
/* End PBXGroup section */

/* Begin PBXNativeTarget section */
		1056033C9A197CEF19810A9C /* HomeInventoryModularTests */ = {
			isa = PBXNativeTarget;
			buildConfigurationList = 22CE100AC8F4FD0DE5B44B85 /* Build configuration list for PBXNativeTarget "HomeInventoryModularTests" */;
			buildPhases = (
				393D4AC5D2273E51CD0D9231 /* Sources */,
				7372D50981EEC8BAD641ECD6 /* Frameworks */,
				08298FC55906FDE69D0D790B /* Resources */,
			);
			buildRules = (
			);
			dependencies = (
				5D1EAF9DFDA0723F91AF2BB0 /* PBXTargetDependency */,
			);
			name = HomeInventoryModularTests;
			productName = HomeInventoryModularTests;
			productReference = EB3422AE91CF05250E0D6950 /* HomeInventoryModularTests.xctest */;
			productType = "com.apple.product-type.bundle.unit-test";
		};
		63556A48F2868A4D64924630 /* HomeInventoryModularUITests */ = {
			isa = PBXNativeTarget;
			buildConfigurationList = 66BBAE3201874748EE60FC7C /* Build configuration list for PBXNativeTarget "HomeInventoryModularUITests" */;
			buildPhases = (
				B8538EE7ED3A1930AF2A83FB /* Sources */,
			);
			buildRules = (
			);
			dependencies = (
				5B62F69060DDD29B7C40A639 /* PBXTargetDependency */,
			);
			name = HomeInventoryModularUITests;
			productName = HomeInventoryModularUITests;
			productReference = 3F46D3FE17D78B8D9DF66A01 /* HomeInventoryModularUITests.xctest */;
			productType = "com.apple.product-type.bundle.ui-testing";
		};
		CC231B3F1FF959B2B1DA4A4E /* HomeInventoryModular */ = {
			isa = PBXNativeTarget;
			buildConfigurationList = 97870253751E396E80A4A63F /* Build configuration list for PBXNativeTarget "HomeInventoryModular" */;
			buildPhases = (
				230633B81419E653BD6922DF /* Sources */,
				8962CEB74E1B84ADA80DD26B /* Resources */,
				351BF24DE864B2FB2FA7AE39 /* Frameworks */,
			);
			buildRules = (
			);
			dependencies = (
			);
			name = HomeInventoryModular;
			packageProductDependencies = (
				6D324B07EA3BF79F03E20042 /* Core */,
				1E4ABB9448702E1172AD1D5B /* SharedUI */,
				11065E0B954F8B47091C5898 /* Items */,
				E20F9C66CD8A1E76D5DA4ACF /* BarcodeScanner */,
				1BFDCCE1DA30B83CCD323AFA /* AppSettings */,
				4DAE3E8FC6151A00266EE46D /* Receipts */,
				FFDB5BBF0F128AC119F36F3A /* Sync */,
				EC690A20521570D346B1DF95 /* Premium */,
				1B5D7269FC9C97F1936D0193 /* Onboarding */,
			);
			productName = HomeInventoryModular;
			productReference = 45BEF81177E158AC63FCA13F /* HomeInventoryModular.app */;
			productType = "com.apple.product-type.application";
		};
/* End PBXNativeTarget section */

/* Begin PBXProject section */
		A46F097C607FDC1013416BFE /* Project object */ = {
			isa = PBXProject;
			attributes = {
				BuildIndependentTargetsInParallel = YES;
				LastUpgradeCheck = 1430;
				TargetAttributes = {
					63556A48F2868A4D64924630 = {
						DevelopmentTeam = 2VXBQV4XC9;
						ProvisioningStyle = Automatic;
						TestTargetID = CC231B3F1FF959B2B1DA4A4E;
					};
					CC231B3F1FF959B2B1DA4A4E = {
						DevelopmentTeam = 2VXBQV4XC9;
						ProvisioningStyle = Automatic;
					};
				};
			};
			buildConfigurationList = F2B8CE2A00521259112AD810 /* Build configuration list for PBXProject "HomeInventoryModular" */;
			compatibilityVersion = "Xcode 14.0";
			developmentRegion = en;
			hasScannedForEncodings = 0;
			knownRegions = (
				Base,
				en,
			);
			mainGroup = 4D256B14F10E6B1FDB76EE04;
			minimizedProjectReferenceProxies = 1;
			packageReferences = (
				A8567266DFF953CA8A18F162 /* XCLocalSwiftPackageReference "AppSettings" */,
				1C4DD3D3BCA1FE59B0EDC6FC /* XCLocalSwiftPackageReference "BarcodeScanner" */,
				FBE10A76C36BB2B6F3385092 /* XCLocalSwiftPackageReference "Core" */,
				BD0C6169C787E9B64F600DDF /* XCLocalSwiftPackageReference "Items" */,
				576F0F487BCA364CFE1C86DC /* XCLocalSwiftPackageReference "Onboarding" */,
				E8EB40612E5F2E5A9C3DA28D /* XCLocalSwiftPackageReference "Premium" */,
				CF03CD87CCA89366BCF7268C /* XCLocalSwiftPackageReference "Receipts" */,
				B99BC64D551CE8562B6B6E53 /* XCLocalSwiftPackageReference "SharedUI" */,
				8C9B55554D3805C4DD883AE0 /* XCLocalSwiftPackageReference "Sync" */,
			);
			productRefGroup = E61D147BB59AF782EA912E0C /* Products */;
			projectDirPath = "";
			projectRoot = "";
			targets = (
				CC231B3F1FF959B2B1DA4A4E /* HomeInventoryModular */,
				63556A48F2868A4D64924630 /* HomeInventoryModularUITests */,
				1056033C9A197CEF19810A9C /* HomeInventoryModularTests */,
			);
		};
/* End PBXProject section */

/* Begin PBXResourcesBuildPhase section */
		08298FC55906FDE69D0D790B /* Resources */ = {
			isa = PBXResourcesBuildPhase;
			buildActionMask = 2147483647;
			files = (
			);
			runOnlyForDeploymentPostprocessing = 0;
		};
		8962CEB74E1B84ADA80DD26B /* Resources */ = {
			isa = PBXResourcesBuildPhase;
			buildActionMask = 2147483647;
			files = (
				ACF691C75D3CE2A0368D350E /* Assets.xcassets in Resources */,
			);
			runOnlyForDeploymentPostprocessing = 0;
		};
/* End PBXResourcesBuildPhase section */

/* Begin PBXSourcesBuildPhase section */
		230633B81419E653BD6922DF /* Sources */ = {
			isa = PBXSourcesBuildPhase;
			buildActionMask = 2147483647;
			files = (
				20A6C4A4EF0E2EA04CC82CE0 /* AppCoordinator.swift in Sources */,
				FA3C772C8BC354A93E204D0C /* AppDelegate.swift in Sources */,
				BB0DD5FF03285CB7996948EB /* ContentView.swift in Sources */,
				9D27D58DFC7C878E4B18584A /* HomeInventoryModularApp.swift in Sources */,
				DDAE61C8217EA5D290B623B6 /* iPadApp.swift in Sources */,
				8EB76248EC9A1857A2219A25 /* iPadColumnView.swift in Sources */,
				976C1724B866429FE43744CA /* iPadContextMenus.swift in Sources */,
				41C9D2044C2317715D80F8E4 /* iPadDragDrop.swift in Sources */,
				F6DA7A52D063BEB679B070FA /* iPadKeyboardShortcuts.swift in Sources */,
				FB4AC041DEECF4A36CA1A46A /* iPadSidebarView.swift in Sources */,
			);
			runOnlyForDeploymentPostprocessing = 0;
		};
		393D4AC5D2273E51CD0D9231 /* Sources */ = {
			isa = PBXSourcesBuildPhase;
			buildActionMask = 2147483647;
			files = (
				1F0E2E4E7B752F9DF8BD63BA /* ViewScreenshotTests.swift in Sources */,
			);
			runOnlyForDeploymentPostprocessing = 0;
		};
		B8538EE7ED3A1930AF2A83FB /* Sources */ = {
			isa = PBXSourcesBuildPhase;
			buildActionMask = 2147483647;
			files = (
				C4F37384ED723E64ACAAF5C5 /* HomeInventoryModularUITests.swift in Sources */,
				D11C17DFC3910E7BFCA63187 /* ScreenshotDebug.swift in Sources */,
				9506FEA0E51000A89D505F1C /* SnapshotHelper.swift in Sources */,
			);
			runOnlyForDeploymentPostprocessing = 0;
		};
/* End PBXSourcesBuildPhase section */

/* Begin PBXTargetDependency section */
		5B62F69060DDD29B7C40A639 /* PBXTargetDependency */ = {
			isa = PBXTargetDependency;
			target = CC231B3F1FF959B2B1DA4A4E /* HomeInventoryModular */;
			targetProxy = F6DE47C782906BE91B46C1E8 /* PBXContainerItemProxy */;
		};
		5D1EAF9DFDA0723F91AF2BB0 /* PBXTargetDependency */ = {
			isa = PBXTargetDependency;
			name = HomeInventoryModular;
			target = CC231B3F1FF959B2B1DA4A4E /* HomeInventoryModular */;
			targetProxy = 7938D76D52DEEC3B9A594AD9 /* PBXContainerItemProxy */;
		};
/* End PBXTargetDependency section */

/* Begin XCBuildConfiguration section */
		0E5265B8E84D53F7B4A4A7A5 /* Release */ = {
			isa = XCBuildConfiguration;
			buildSettings = {
				CODE_SIGN_STYLE = Automatic;
				DEVELOPMENT_TEAM = 2VXBQV4XC9;
				GENERATE_INFOPLIST_FILE = YES;
				IPHONEOS_DEPLOYMENT_TARGET = 17.0;
				LD_RUNPATH_SEARCH_PATHS = (
					"$(inherited)",
					"@executable_path/Frameworks",
					"@loader_path/Frameworks",
				);
				PRODUCT_BUNDLE_IDENTIFIER = com.homeinventory.modular.uitests;
				SDKROOT = iphoneos;
				TARGETED_DEVICE_FAMILY = "1,2";
				TEST_APPLICATION_IDENTIFIER = com.homeinventory.app;
				TEST_TARGET_NAME = HomeInventoryModular;
				USES_XCTRUNNER = YES;
			};
			name = Release;
		};
		3218A293DBAE08362B4CBEC4 /* Release */ = {
			isa = XCBuildConfiguration;
			buildSettings = {
				CLANG_ENABLE_OBJC_WEAK = NO;
				CODE_SIGN_STYLE = Automatic;
				DEVELOPMENT_TEAM = 2VXBQV4XC9;
				INFOPLIST_FILE = HomeInventoryModularTests/Info.plist;
				IPHONEOS_DEPLOYMENT_TARGET = 17.0;
				OTHER_SWIFT_FLAGS = "-suppress-warnings";
				PRODUCT_BUNDLE_IDENTIFIER = com.homeinventory.app.tests;
				SDKROOT = iphoneos;
				SWIFT_STRICT_CONCURRENCY = minimal;
				SWIFT_SUPPRESS_WARNINGS = YES;
				SWIFT_VERSION = 5.0;
				VALIDATE_PRODUCT = YES;
			};
			name = Release;
		};
		457C3E7F3745E9DC8545B9A3 /* Debug */ = {
			isa = XCBuildConfiguration;
			buildSettings = {
				CLANG_ENABLE_OBJC_WEAK = NO;
				CODE_SIGN_STYLE = Automatic;
				DEVELOPMENT_TEAM = 2VXBQV4XC9;
				INFOPLIST_FILE = HomeInventoryModularTests/Info.plist;
				IPHONEOS_DEPLOYMENT_TARGET = 17.0;
				OTHER_SWIFT_FLAGS = "-suppress-warnings";
				PRODUCT_BUNDLE_IDENTIFIER = com.homeinventory.app.tests;
				SDKROOT = iphoneos;
				SWIFT_STRICT_CONCURRENCY = minimal;
				SWIFT_SUPPRESS_WARNINGS = YES;
				SWIFT_VERSION = 5.0;
			};
			name = Debug;
		};
		6E8F3A15BBE43CB1EDD746F7 /* Debug */ = {
			isa = XCBuildConfiguration;
			buildSettings = {
				CODE_SIGN_STYLE = Automatic;
				DEVELOPMENT_TEAM = 2VXBQV4XC9;
				GENERATE_INFOPLIST_FILE = YES;
				IPHONEOS_DEPLOYMENT_TARGET = 17.0;
				LD_RUNPATH_SEARCH_PATHS = (
					"$(inherited)",
					"@executable_path/Frameworks",
					"@loader_path/Frameworks",
				);
				PRODUCT_BUNDLE_IDENTIFIER = com.homeinventory.modular.uitests;
				SDKROOT = iphoneos;
				TARGETED_DEVICE_FAMILY = "1,2";
				TEST_APPLICATION_IDENTIFIER = com.homeinventory.app;
				TEST_TARGET_NAME = HomeInventoryModular;
				USES_XCTRUNNER = YES;
			};
			name = Debug;
		};
		B911CD98DFA052CF517E8A4B /* Debug */ = {
			isa = XCBuildConfiguration;
			buildSettings = {
				ALWAYS_SEARCH_USER_PATHS = NO;
				CLANG_ANALYZER_NONNULL = YES;
				CLANG_ANALYZER_NUMBER_OBJECT_CONVERSION = YES_AGGRESSIVE;
				CLANG_CXX_LANGUAGE_STANDARD = "gnu++14";
				CLANG_CXX_LIBRARY = "libc++";
				CLANG_ENABLE_MODULES = YES;
				CLANG_ENABLE_OBJC_ARC = YES;
				CLANG_ENABLE_OBJC_WEAK = YES;
				CLANG_WARN_BLOCK_CAPTURE_AUTORELEASING = YES;
				CLANG_WARN_BOOL_CONVERSION = YES;
				CLANG_WARN_COMMA = YES;
				CLANG_WARN_CONSTANT_CONVERSION = YES;
				CLANG_WARN_DEPRECATED_OBJC_IMPLEMENTATIONS = YES;
				CLANG_WARN_DIRECT_OBJC_ISA_USAGE = YES_ERROR;
				CLANG_WARN_DOCUMENTATION_COMMENTS = YES;
				CLANG_WARN_EMPTY_BODY = YES;
				CLANG_WARN_ENUM_CONVERSION = YES;
				CLANG_WARN_INFINITE_RECURSION = YES;
				CLANG_WARN_INT_CONVERSION = YES;
				CLANG_WARN_NON_LITERAL_NULL_CONVERSION = YES;
				CLANG_WARN_OBJC_IMPLICIT_RETAIN_SELF = YES;
				CLANG_WARN_OBJC_LITERAL_CONVERSION = YES;
				CLANG_WARN_OBJC_ROOT_CLASS = YES_ERROR;
				CLANG_WARN_QUOTED_INCLUDE_IN_FRAMEWORK_HEADER = YES;
				CLANG_WARN_RANGE_LOOP_ANALYSIS = YES;
				CLANG_WARN_STRICT_PROTOTYPES = YES;
				CLANG_WARN_SUSPICIOUS_MOVE = YES;
				CLANG_WARN_UNGUARDED_AVAILABILITY = YES_AGGRESSIVE;
				CLANG_WARN_UNREACHABLE_CODE = YES;
				CLANG_WARN__DUPLICATE_METHOD_MATCH = YES;
				CODE_SIGN_STYLE = Automatic;
				COPY_PHASE_STRIP = NO;
				CURRENT_PROJECT_VERSION = 4;
				DEBUG_INFORMATION_FORMAT = dwarf;
				DEVELOPMENT_TEAM = 2VXBQV4XC9;
				ENABLE_PREVIEWS = YES;
				ENABLE_STRICT_OBJC_MSGSEND = YES;
				ENABLE_TESTABILITY = YES;
				GCC_C_LANGUAGE_STANDARD = gnu11;
				GCC_DYNAMIC_NO_PIC = NO;
				GCC_NO_COMMON_BLOCKS = YES;
				GCC_OPTIMIZATION_LEVEL = 0;
				GCC_PREPROCESSOR_DEFINITIONS = (
					"$(inherited)",
					"DEBUG=1",
				);
				GCC_WARN_64_TO_32_BIT_CONVERSION = YES;
				GCC_WARN_ABOUT_RETURN_TYPE = YES_ERROR;
				GCC_WARN_UNDECLARED_SELECTOR = YES;
				GCC_WARN_UNINITIALIZED_AUTOS = YES_AGGRESSIVE;
				GCC_WARN_UNUSED_FUNCTION = YES;
				GCC_WARN_UNUSED_VARIABLE = YES;
				IPHONEOS_DEPLOYMENT_TARGET = 17.0;
				MARKETING_VERSION = 1.0.0;
				MTL_ENABLE_DEBUG_INFO = INCLUDE_SOURCE;
				MTL_FAST_MATH = YES;
				ONLY_ACTIVE_ARCH = YES;
				PRODUCT_NAME = "$(TARGET_NAME)";
				SDKROOT = iphoneos;
				SWIFT_ACTIVE_COMPILATION_CONDITIONS = DEBUG;
				SWIFT_OPTIMIZATION_LEVEL = "-Onone";
				SWIFT_STRICT_CONCURRENCY = minimal;
				SWIFT_UPCOMING_FEATURE_EXISTENTIAL_ANY = NO;
				SWIFT_VERSION = 5.9;
			};
			name = Debug;
		};
		BB14A10F16D9DACDDF849C08 /* Debug */ = {
			isa = XCBuildConfiguration;
			buildSettings = {
				ASSETCATALOG_COMPILER_APPICON_NAME = AppIcon;
				ASSETCATALOG_COMPILER_GLOBAL_ACCENT_COLOR_NAME = AccentColor;
				CODE_SIGN_IDENTITY = "iPhone Developer";
				CODE_SIGN_STYLE = Automatic;
				DEVELOPMENT_TEAM = 2VXBQV4XC9;
				GENERATE_INFOPLIST_FILE = YES;
				INFOPLIST_KEY_CFBundleDisplayName = "Home Inventory";
				INFOPLIST_KEY_CFBundleURLSchemes = "com.googleusercontent.apps.316432172622-6huvbn752v0ep68jkfdftrh8fgpesikg";
				INFOPLIST_KEY_CFBundleURLTypes = "{\"CFBundleURLSchemes\"=>[\"com.googleusercontent.apps.316432172622-6huvbn752v0ep68jkfdftrh8fgpesikg\"], \"CFBundleURLName\"=>\"Gmail OAuth\"}";
				INFOPLIST_KEY_ITSAppUsesNonExemptEncryption = YES;
				INFOPLIST_KEY_LSApplicationCategoryType = "public.app-category.lifestyle";
				INFOPLIST_KEY_NSCameraUsageDescription = "Camera access is needed to scan barcodes and take photos of your items";
				INFOPLIST_KEY_NSFaceIDUsageDescription = "Face ID is used to secure access to your inventory data";
				INFOPLIST_KEY_NSPhotoLibraryAddUsageDescription = "This allows the app to save item photos to your photo library";
				INFOPLIST_KEY_NSPhotoLibraryUsageDescription = "Photo library access is needed to add photos to your items";
				INFOPLIST_KEY_UIApplicationSceneManifest_Generation = YES;
				INFOPLIST_KEY_UIApplicationSupportsIndirectInputEvents = YES;
				INFOPLIST_KEY_UILaunchScreen_Generation = YES;
				INFOPLIST_KEY_UISupportedInterfaceOrientations_iPad = "UIInterfaceOrientationPortrait UIInterfaceOrientationPortraitUpsideDown UIInterfaceOrientationLandscapeLeft UIInterfaceOrientationLandscapeRight";
				INFOPLIST_KEY_UISupportedInterfaceOrientations_iPhone = "UIInterfaceOrientationPortrait UIInterfaceOrientationLandscapeLeft UIInterfaceOrientationLandscapeRight";
				IPHONEOS_DEPLOYMENT_TARGET = 17.0;
				LD_RUNPATH_SEARCH_PATHS = (
					"$(inherited)",
					"@executable_path/Frameworks",
				);
				PRODUCT_BUNDLE_IDENTIFIER = com.homeinventory.app;
				SDKROOT = iphoneos;
				TARGETED_DEVICE_FAMILY = "1,2";
			};
			name = Debug;
		};
		BD7BD16DDE04A8198B33A7F3 /* Release */ = {
			isa = XCBuildConfiguration;
			buildSettings = {
				ALWAYS_SEARCH_USER_PATHS = NO;
				CLANG_ANALYZER_NONNULL = YES;
				CLANG_ANALYZER_NUMBER_OBJECT_CONVERSION = YES_AGGRESSIVE;
				CLANG_CXX_LANGUAGE_STANDARD = "gnu++14";
				CLANG_CXX_LIBRARY = "libc++";
				CLANG_ENABLE_MODULES = YES;
				CLANG_ENABLE_OBJC_ARC = YES;
				CLANG_ENABLE_OBJC_WEAK = YES;
				CLANG_WARN_BLOCK_CAPTURE_AUTORELEASING = YES;
				CLANG_WARN_BOOL_CONVERSION = YES;
				CLANG_WARN_COMMA = YES;
				CLANG_WARN_CONSTANT_CONVERSION = YES;
				CLANG_WARN_DEPRECATED_OBJC_IMPLEMENTATIONS = YES;
				CLANG_WARN_DIRECT_OBJC_ISA_USAGE = YES_ERROR;
				CLANG_WARN_DOCUMENTATION_COMMENTS = YES;
				CLANG_WARN_EMPTY_BODY = YES;
				CLANG_WARN_ENUM_CONVERSION = YES;
				CLANG_WARN_INFINITE_RECURSION = YES;
				CLANG_WARN_INT_CONVERSION = YES;
				CLANG_WARN_NON_LITERAL_NULL_CONVERSION = YES;
				CLANG_WARN_OBJC_IMPLICIT_RETAIN_SELF = YES;
				CLANG_WARN_OBJC_LITERAL_CONVERSION = YES;
				CLANG_WARN_OBJC_ROOT_CLASS = YES_ERROR;
				CLANG_WARN_QUOTED_INCLUDE_IN_FRAMEWORK_HEADER = YES;
				CLANG_WARN_RANGE_LOOP_ANALYSIS = YES;
				CLANG_WARN_STRICT_PROTOTYPES = YES;
				CLANG_WARN_SUSPICIOUS_MOVE = YES;
				CLANG_WARN_UNGUARDED_AVAILABILITY = YES_AGGRESSIVE;
				CLANG_WARN_UNREACHABLE_CODE = YES;
				CLANG_WARN__DUPLICATE_METHOD_MATCH = YES;
				CODE_SIGN_STYLE = Automatic;
				COPY_PHASE_STRIP = NO;
				CURRENT_PROJECT_VERSION = 4;
				DEBUG_INFORMATION_FORMAT = "dwarf-with-dsym";
				DEVELOPMENT_TEAM = 2VXBQV4XC9;
				ENABLE_NS_ASSERTIONS = NO;
				ENABLE_PREVIEWS = YES;
				ENABLE_STRICT_OBJC_MSGSEND = YES;
				GCC_C_LANGUAGE_STANDARD = gnu11;
				GCC_NO_COMMON_BLOCKS = YES;
				GCC_WARN_64_TO_32_BIT_CONVERSION = YES;
				GCC_WARN_ABOUT_RETURN_TYPE = YES_ERROR;
				GCC_WARN_UNDECLARED_SELECTOR = YES;
				GCC_WARN_UNINITIALIZED_AUTOS = YES_AGGRESSIVE;
				GCC_WARN_UNUSED_FUNCTION = YES;
				GCC_WARN_UNUSED_VARIABLE = YES;
				IPHONEOS_DEPLOYMENT_TARGET = 17.0;
				MARKETING_VERSION = 1.0.0;
				MTL_ENABLE_DEBUG_INFO = NO;
				MTL_FAST_MATH = YES;
				PRODUCT_NAME = "$(TARGET_NAME)";
				SDKROOT = iphoneos;
				SWIFT_COMPILATION_MODE = wholemodule;
				SWIFT_OPTIMIZATION_LEVEL = "-O";
				SWIFT_STRICT_CONCURRENCY = minimal;
				SWIFT_UPCOMING_FEATURE_EXISTENTIAL_ANY = NO;
				SWIFT_VERSION = 5.9;
			};
			name = Release;
		};
		FF839DCAFFD7D4BE29A5FBE7 /* Release */ = {
			isa = XCBuildConfiguration;
			buildSettings = {
				ASSETCATALOG_COMPILER_APPICON_NAME = AppIcon;
				ASSETCATALOG_COMPILER_GLOBAL_ACCENT_COLOR_NAME = AccentColor;
				CODE_SIGN_IDENTITY = "iPhone Developer";
				CODE_SIGN_STYLE = Automatic;
				DEVELOPMENT_TEAM = 2VXBQV4XC9;
				GENERATE_INFOPLIST_FILE = YES;
				INFOPLIST_KEY_CFBundleDisplayName = "Home Inventory";
				INFOPLIST_KEY_CFBundleURLSchemes = "com.googleusercontent.apps.316432172622-6huvbn752v0ep68jkfdftrh8fgpesikg";
				INFOPLIST_KEY_CFBundleURLTypes = "{\"CFBundleURLSchemes\"=>[\"com.googleusercontent.apps.316432172622-6huvbn752v0ep68jkfdftrh8fgpesikg\"], \"CFBundleURLName\"=>\"Gmail OAuth\"}";
				INFOPLIST_KEY_ITSAppUsesNonExemptEncryption = YES;
				INFOPLIST_KEY_LSApplicationCategoryType = "public.app-category.lifestyle";
				INFOPLIST_KEY_NSCameraUsageDescription = "Camera access is needed to scan barcodes and take photos of your items";
				INFOPLIST_KEY_NSFaceIDUsageDescription = "Face ID is used to secure access to your inventory data";
				INFOPLIST_KEY_NSPhotoLibraryAddUsageDescription = "This allows the app to save item photos to your photo library";
				INFOPLIST_KEY_NSPhotoLibraryUsageDescription = "Photo library access is needed to add photos to your items";
				INFOPLIST_KEY_UIApplicationSceneManifest_Generation = YES;
				INFOPLIST_KEY_UIApplicationSupportsIndirectInputEvents = YES;
				INFOPLIST_KEY_UILaunchScreen_Generation = YES;
				INFOPLIST_KEY_UISupportedInterfaceOrientations_iPad = "UIInterfaceOrientationPortrait UIInterfaceOrientationPortraitUpsideDown UIInterfaceOrientationLandscapeLeft UIInterfaceOrientationLandscapeRight";
				INFOPLIST_KEY_UISupportedInterfaceOrientations_iPhone = "UIInterfaceOrientationPortrait UIInterfaceOrientationLandscapeLeft UIInterfaceOrientationLandscapeRight";
				IPHONEOS_DEPLOYMENT_TARGET = 17.0;
				LD_RUNPATH_SEARCH_PATHS = (
					"$(inherited)",
					"@executable_path/Frameworks",
				);
				PRODUCT_BUNDLE_IDENTIFIER = com.homeinventory.app;
				SDKROOT = iphoneos;
				TARGETED_DEVICE_FAMILY = "1,2";
			};
			name = Release;
		};
/* End XCBuildConfiguration section */

/* Begin XCConfigurationList section */
		22CE100AC8F4FD0DE5B44B85 /* Build configuration list for PBXNativeTarget "HomeInventoryModularTests" */ = {
			isa = XCConfigurationList;
			buildConfigurations = (
				3218A293DBAE08362B4CBEC4 /* Release */,
				457C3E7F3745E9DC8545B9A3 /* Debug */,
			);
			defaultConfigurationIsVisible = 0;
			defaultConfigurationName = Release;
		};
		66BBAE3201874748EE60FC7C /* Build configuration list for PBXNativeTarget "HomeInventoryModularUITests" */ = {
			isa = XCConfigurationList;
			buildConfigurations = (
				6E8F3A15BBE43CB1EDD746F7 /* Debug */,
				0E5265B8E84D53F7B4A4A7A5 /* Release */,
			);
			defaultConfigurationIsVisible = 0;
			defaultConfigurationName = Debug;
		};
		97870253751E396E80A4A63F /* Build configuration list for PBXNativeTarget "HomeInventoryModular" */ = {
			isa = XCConfigurationList;
			buildConfigurations = (
				BB14A10F16D9DACDDF849C08 /* Debug */,
				FF839DCAFFD7D4BE29A5FBE7 /* Release */,
			);
			defaultConfigurationIsVisible = 0;
			defaultConfigurationName = Debug;
		};
		F2B8CE2A00521259112AD810 /* Build configuration list for PBXProject "HomeInventoryModular" */ = {
			isa = XCConfigurationList;
			buildConfigurations = (
				B911CD98DFA052CF517E8A4B /* Debug */,
				BD7BD16DDE04A8198B33A7F3 /* Release */,
			);
			defaultConfigurationIsVisible = 0;
			defaultConfigurationName = Debug;
		};
/* End XCConfigurationList section */

/* Begin XCLocalSwiftPackageReference section */
		1C4DD3D3BCA1FE59B0EDC6FC /* XCLocalSwiftPackageReference "BarcodeScanner" */ = {
			isa = XCLocalSwiftPackageReference;
			relativePath = Modules/BarcodeScanner;
		};
		576F0F487BCA364CFE1C86DC /* XCLocalSwiftPackageReference "Onboarding" */ = {
			isa = XCLocalSwiftPackageReference;
			relativePath = Modules/Onboarding;
		};
		8C9B55554D3805C4DD883AE0 /* XCLocalSwiftPackageReference "Sync" */ = {
			isa = XCLocalSwiftPackageReference;
			relativePath = Modules/Sync;
		};
		A8567266DFF953CA8A18F162 /* XCLocalSwiftPackageReference "AppSettings" */ = {
			isa = XCLocalSwiftPackageReference;
			relativePath = Modules/AppSettings;
		};
		B99BC64D551CE8562B6B6E53 /* XCLocalSwiftPackageReference "SharedUI" */ = {
			isa = XCLocalSwiftPackageReference;
			relativePath = Modules/SharedUI;
		};
		BD0C6169C787E9B64F600DDF /* XCLocalSwiftPackageReference "Items" */ = {
			isa = XCLocalSwiftPackageReference;
			relativePath = Modules/Items;
		};
		CF03CD87CCA89366BCF7268C /* XCLocalSwiftPackageReference "Receipts" */ = {
			isa = XCLocalSwiftPackageReference;
			relativePath = Modules/Receipts;
		};
		E8EB40612E5F2E5A9C3DA28D /* XCLocalSwiftPackageReference "Premium" */ = {
			isa = XCLocalSwiftPackageReference;
			relativePath = Modules/Premium;
		};
		FBE10A76C36BB2B6F3385092 /* XCLocalSwiftPackageReference "Core" */ = {
			isa = XCLocalSwiftPackageReference;
			relativePath = Modules/Core;
		};
/* End XCLocalSwiftPackageReference section */

/* Begin XCSwiftPackageProductDependency section */
		11065E0B954F8B47091C5898 /* Items */ = {
			isa = XCSwiftPackageProductDependency;
			productName = Items;
		};
		1B5D7269FC9C97F1936D0193 /* Onboarding */ = {
			isa = XCSwiftPackageProductDependency;
			productName = Onboarding;
		};
		1BFDCCE1DA30B83CCD323AFA /* AppSettings */ = {
			isa = XCSwiftPackageProductDependency;
			productName = AppSettings;
		};
		1E4ABB9448702E1172AD1D5B /* SharedUI */ = {
			isa = XCSwiftPackageProductDependency;
			productName = SharedUI;
		};
		4DAE3E8FC6151A00266EE46D /* Receipts */ = {
			isa = XCSwiftPackageProductDependency;
			productName = Receipts;
		};
		6D324B07EA3BF79F03E20042 /* Core */ = {
			isa = XCSwiftPackageProductDependency;
			productName = Core;
		};
		E20F9C66CD8A1E76D5DA4ACF /* BarcodeScanner */ = {
			isa = XCSwiftPackageProductDependency;
			productName = BarcodeScanner;
		};
		EC690A20521570D346B1DF95 /* Premium */ = {
			isa = XCSwiftPackageProductDependency;
			productName = Premium;
		};
		FFDB5BBF0F128AC119F36F3A /* Sync */ = {
			isa = XCSwiftPackageProductDependency;
			productName = Sync;
		};
/* End XCSwiftPackageProductDependency section */
	};
	rootObject = A46F097C607FDC1013416BFE /* Project object */;
}
